# This file is automatically @generated by Cargo.
# It is not intended for manual editing.
version = 4

[[package]]
name = "kinema"
version = "0.1.0"
dependencies = [
 "kinema_adapter_cli",
 "kinema_adapter_storage",
 "kinema_adapter_ui",
 "kinema_app",
 "kinema_domain",
 "kinema_ports",
]

[[package]]
name = "kinema_adapter_cli"
version = "0.1.0"
dependencies = [
 "kinema_domain",
 "kinema_ports",
]

[[package]]
name = "kinema_adapter_storage"
version = "0.1.0"
dependencies = [
 "kinema_domain",
 "kinema_ports",
]

[[package]]
name = "kinema_adapter_ui"
version = "0.1.0"
dependencies = [
 "kinema_domain",
 "kinema_ports",
]

[[package]]
name = "kinema_app"
version = "0.1.0"
dependencies = [
 "kinema_domain",
 "kinema_ports",
]

[[package]]
name = "kinema_domain"
version = "0.1.0"

[[package]]
name = "kinema_ports"
version = "0.1.0"
dependencies = [
 "kinema_domain",
]
